Microsoft Visual Studio Solution File, Format Version 12.00
# Visual Studio Version 17
VisualStudioVersion = 17.5.2.0
MinimumVisualStudioVersion = 10.0.40219.1
Project("{FAE04EC0-301F-11D3-BF4B-00C04F79EFBC}") = "Tp_inmobiliaria", "Tp_inmobiliaria.csproj", "{EA9124C3-2D78-437D-7331-D9C46783D658}"
EndProject
Global
	GlobalSection(SolutionConfigurationPlatforms) = preSolution
		Debug|Any CPU = Debug|Any CPU
		Release|Any CPU = Release|Any CPU
	EndGlobalSection
	GlobalSection(ProjectConfigurationPlatforms) = postSolution
		{EA9124C3-2D78-437D-7331-D9C46783D658}.Debug|Any CPU.ActiveCfg = Debug|Any CPU
		{EA9124C3-2D78-437D-7331-D9C46783D658}.Debug|Any CPU.Build.0 = Debug|Any CPU
		{EA9124C3-2D78-437D-7331-D9C46783D658}.Release|Any CPU.ActiveCfg = Release|Any CPU
		{EA9124C3-2D78-437D-7331-D9C46783D658}.Release|Any CPU.Build.0 = Release|Any CPU
	EndGlobalSection
	GlobalSection(SolutionProperties) = preSolution
		HideSolutionNode = FALSE
	EndGlobalSection
	GlobalSection(ExtensibilityGlobals) = postSolution
		SolutionGuid = {BDD1046C-90C3-4956-AEA6-2F6FF8532BAA}
	EndGlobalSection
EndGlobal
